
Microsoft Visual Studio Solution File, Format Version 12.00
# Visual Studio Version 17
VisualStudioVersion = 17.0.31903.59
MinimumVisualStudioVersion = 10.0.40219.1
Project("{9A19103F-16F7-4668-BE54-9A1E7A4F7556}") = "MiniCSharpCompiler.Core", "MiniCSharpCompiler.Core\MiniCSharpCompiler.Core.csproj", "{0F3CE5A8-CF7D-4F5B-A9DE-FA374D2B6109}"
EndProject
Project("{9A19103F-16F7-4668-BE54-9A1E7A4F7556}") = "MiniCSharpCompiler.Main", "MiniCSharpCompiler\MiniCSharpCompiler.Main.csproj", "{F5E1AE4F-4C5F-4F14-893F-697A96679B13}"
EndProject
Global
	GlobalSection(SolutionConfigurationPlatforms) = preSolution
		Debug|Any CPU = Debug|Any CPU
		Release|Any CPU = Release|Any CPU
	EndGlobalSection
	GlobalSection(ProjectConfigurationPlatforms) = postSolution
		{0F3CE5A8-CF7D-4F5B-A9DE-FA374D2B6109}.Debug|Any CPU.ActiveCfg = Debug|Any CPU
		{0F3CE5A8-CF7D-4F5B-A9DE-FA374D2B6109}.Debug|Any CPU.Build.0 = Debug|Any CPU
		{0F3CE5A8-CF7D-4F5B-A9DE-FA374D2B6109}.Release|Any CPU.ActiveCfg = Release|Any CPU
		{0F3CE5A8-CF7D-4F5B-A9DE-FA374D2B6109}.Release|Any CPU.Build.0 = Release|Any CPU
		{F5E1AE4F-4C5F-4F14-893F-697A96679B13}.Debug|Any CPU.ActiveCfg = Debug|Any CPU
		{F5E1AE4F-4C5F-4F14-893F-697A96679B13}.Debug|Any CPU.Build.0 = Debug|Any CPU
		{F5E1AE4F-4C5F-4F14-893F-697A96679B13}.Release|Any CPU.ActiveCfg = Release|Any CPU
		{F5E1AE4F-4C5F-4F14-893F-697A96679B13}.Release|Any CPU.Build.0 = Release|Any CPU
	EndGlobalSection
	GlobalSection(SolutionProperties) = preSolution
		HideSolutionNode = FALSE
	EndGlobalSection
EndGlobal
